<?xml version="1.0" encoding="utf-8"?>
<Project ToolsVersion="4.0" xmlns="http://schemas.microsoft.com/developer/msbuild/2003">
  <ItemGroup>
    <Filter Include="Source Files">
      <UniqueIdentifier>{4FC737F1-C7A5-4376-A066-2A32D752A2FF}</UniqueIdentifier>
      <Extensions>cpp;c;cc;cxx;def;odl;idl;hpj;bat;asm;asmx</Extensions>
    </Filter>
    <Filter Include="Header Files">
      <UniqueIdentifier>{93995380-89BD-4b04-88EB-625FBE52EBFB}</UniqueIdentifier>
      <Extensions>h;hpp;hxx;hm;inl;inc;xsd</Extensions>
    </Filter>
    <Filter Include="Resource Files">
      <UniqueIdentifier>{67DA6AB6-F800-4c08-8B7A-83BB121AAD01}</UniqueIdentifier>
      <Extensions>rc;ico;cur;bmp;dlg;rc2;rct;bin;rgs;gif;jpg;jpeg;jpe;resx;tiff;tif;png;wav;mfcribbon-ms</Extensions>
    </Filter>
    <Filter Include="Agent">
      <UniqueIdentifier>{832c785c-8744-46a2-9549-c304444eb2ec}</UniqueIdentifier>
    </Filter>
    <Filter Include="NIST">
      <UniqueIdentifier>{f8c3feea-fa7b-4396-9f32-4a5d4ee00fb6}</UniqueIdentifier>
    </Filter>
  </ItemGroup>
  <ItemGroup>
    <None Include="ReadMe.txt" />
    <None Include="..\MTConnectAgent\agent\jsmtconnect.txt">
      <Filter>Agent</Filter>
    </None>
    <None Include="Notes.txt" />
  </ItemGroup>
  <ItemGroup>
    <ClInclude Include="stdafx.h">
      <Filter>Header Files</Filter>
    </ClInclude>
    <ClInclude Include="targetver.h">
      <Filter>Header Files</Filter>
    </ClInclude>
    <ClInclude Include="..\MTConnectAgent\agent\adapter.hpp">
      <Filter>Agent</Filter>
    </ClInclude>
    <ClInclude Include="..\MTConnectAgent\agent\agent.hpp">
      <Filter>Agent</Filter>
    </ClInclude>
    <ClInclude Include="..\MTConnectAgent\agent\asset.hpp">
      <Filter>Agent</Filter>
    </ClInclude>
    <ClInclude Include="..\MTConnectAgent\agent\change_observer.hpp">
      <Filter>Agent</Filter>
    </ClInclude>
    <ClInclude Include="..\MTConnectAgent\agent\checkpoint.hpp">
      <Filter>Agent</Filter>
    </ClInclude>
    <ClInclude Include="..\MTConnectAgent\agent\component.hpp">
      <Filter>Agent</Filter>
    </ClInclude>
    <ClInclude Include="..\MTConnectAgent\agent\component_event.hpp">
      <Filter>Agent</Filter>
    </ClInclude>
    <ClInclude Include="..\MTConnectAgent\agent\config.hpp">
      <Filter>Agent</Filter>
    </ClInclude>
    <ClInclude Include="..\MTConnectAgent\agent\connector.hpp">
      <Filter>Agent</Filter>
    </ClInclude>
    <ClInclude Include="..\MTConnectAgent\agent\cutting_tool.hpp">
      <Filter>Agent</Filter>
    </ClInclude>
    <ClInclude Include="..\MTConnectAgent\agent\data_item.hpp">
      <Filter>Agent</Filter>
    </ClInclude>
    <ClInclude Include="..\MTConnectAgent\agent\device.hpp">
      <Filter>Agent</Filter>
    </ClInclude>
    <ClInclude Include="..\MTConnectAgent\agent\globals.hpp">
      <Filter>Agent</Filter>
    </ClInclude>
    <ClInclude Include="..\MTConnectAgent\agent\options.hpp">
      <Filter>Agent</Filter>
    </ClInclude>
    <ClInclude Include="..\MTConnectAgent\agent\ref_counted.hpp">
      <Filter>Agent</Filter>
    </ClInclude>
    <ClInclude Include="..\MTConnectAgent\agent\service.hpp">
      <Filter>Agent</Filter>
    </ClInclude>
    <ClInclude Include="..\MTConnectAgent\agent\stdint.h">
      <Filter>Agent</Filter>
    </ClInclude>
    <ClInclude Include="..\MTConnectAgent\agent\version.h">
      <Filter>Agent</Filter>
    </ClInclude>
    <ClInclude Include="..\MTConnectAgent\agent\xml_parser.hpp">
      <Filter>Agent</Filter>
    </ClInclude>
    <ClInclude Include="..\MTConnectAgent\agent\xml_printer.hpp">
      <Filter>Agent</Filter>
    </ClInclude>
    <ClInclude Include="AgfmAdapter.h">
      <Filter>Header Files</Filter>
    </ClInclude>
    <ClInclude Include="AgfmAgent.h">
      <Filter>Header Files</Filter>
    </ClInclude>
    <ClInclude Include="..\NIST\AppEventLog.h">
      <Filter>NIST</Filter>
    </ClInclude>
    <ClInclude Include="..\NIST\Config.h">
      <Filter>NIST</Filter>
    </ClInclude>
    <ClInclude Include="..\NIST\Logger.h">
      <Filter>NIST</Filter>
    </ClInclude>
    <ClInclude Include="..\NIST\StdStringFcn.h">
      <Filter>NIST</Filter>
    </ClInclude>
    <ClInclude Include="Globals.h">
      <Filter>Header Files</Filter>
    </ClInclude>
    <ClInclude Include="..\NIST\File.h">
      <Filter>Header Files</Filter>
    </ClInclude>
    <ClInclude Include="WinProcess.h">
      <Filter>Header Files</Filter>
    </ClInclude>
    <ClInclude Include="..\NIST\WinNet.h">
      <Filter>NIST</Filter>
    </ClInclude>
    <ClInclude Include="..\NIST\WinTricks.h">
      <Filter>NIST</Filter>
    </ClInclude>
  </ItemGroup>
  <ItemGroup>
    <ClCompile Include="stdafx.cpp">
      <Filter>Source Files</Filter>
    </ClCompile>
    <ClCompile Include="AgfmAgent.cpp">
      <Filter>Source Files</Filter>
    </ClCompile>
    <ClCompile Include="..\MTConnectAgent\agent\adapter.cpp">
      <Filter>Agent</Filter>
    </ClCompile>
    <ClCompile Include="..\MTConnectAgent\agent\agent.cpp">
      <Filter>Agent</Filter>
    </ClCompile>
    <ClCompile Include="..\MTConnectAgent\agent\asset.cpp">
      <Filter>Agent</Filter>
    </ClCompile>
    <ClCompile Include="..\MTConnectAgent\agent\change_observer.cpp">
      <Filter>Agent</Filter>
    </ClCompile>
    <ClCompile Include="..\MTConnectAgent\agent\checkpoint.cpp">
      <Filter>Agent</Filter>
    </ClCompile>
    <ClCompile Include="..\MTConnectAgent\agent\component.cpp">
      <Filter>Agent</Filter>
    </ClCompile>
    <ClCompile Include="..\MTConnectAgent\agent\component_event.cpp">
      <Filter>Agent</Filter>
    </ClCompile>
    <ClCompile Include="..\MTConnectAgent\agent\config.cpp">
      <Filter>Agent</Filter>
    </ClCompile>
    <ClCompile Include="..\MTConnectAgent\agent\connector.cpp">
      <Filter>Agent</Filter>
    </ClCompile>
    <ClCompile Include="..\MTConnectAgent\agent\cutting_tool.cpp">
      <Filter>Agent</Filter>
    </ClCompile>
    <ClCompile Include="..\MTConnectAgent\agent\data_item.cpp">
      <Filter>Agent</Filter>
    </ClCompile>
    <ClCompile Include="..\MTConnectAgent\agent\device.cpp">
      <Filter>Agent</Filter>
    </ClCompile>
    <ClCompile Include="..\MTConnectAgent\agent\globals.cpp">
      <Filter>Agent</Filter>
    </ClCompile>
    <ClCompile Include="..\MTConnectAgent\agent\options.cpp">
      <Filter>Agent</Filter>
    </ClCompile>
    <ClCompile Include="..\MTConnectAgent\agent\ref_counted.cpp">
      <Filter>Agent</Filter>
    </ClCompile>
    <ClCompile Include="..\MTConnectAgent\agent\service.cpp">
      <Filter>Agent</Filter>
    </ClCompile>
    <ClCompile Include="..\MTConnectAgent\agent\version.cpp">
      <Filter>Agent</Filter>
    </ClCompile>
    <ClCompile Include="..\MTConnectAgent\agent\xml_parser.cpp">
      <Filter>Agent</Filter>
    </ClCompile>
    <ClCompile Include="..\MTConnectAgent\agent\xml_printer.cpp">
      <Filter>Agent</Filter>
    </ClCompile>
    <ClCompile Include="cppagent.cpp">
      <Filter>Source Files</Filter>
    </ClCompile>
    <ClCompile Include="AgfmAdapter.cpp">
      <Filter>Source Files</Filter>
    </ClCompile>
    <ClCompile Include="..\NIST\WinTricks.cpp">
      <Filter>NIST</Filter>
    </ClCompile>
  </ItemGroup>
</Project>